// !$*UTF8*$!
{
	archiveVersion = 1;
	classes = {
	};
	objectVersion = 56;
	objects = {

/* Begin PBXBuildFile section */
		2F3AB8E22CFFF591005C9DA2 /* IrregularEventsViewController.swift in Sources */ = {isa = PBXBuildFile; fileRef = 2F3AB8E12CFFF591005C9DA2 /* IrregularEventsViewController.swift */; };
		2F3AB8E42CFFF884005C9DA2 /* extation+irregularTableView.swift in Sources */ = {isa = PBXBuildFile; fileRef = 2F3AB8E32CFFF884005C9DA2 /* extation+irregularTableView.swift */; };
		2F3AB8E92D020627005C9DA2 /* HabbitcollectionsDataSource.swift in Sources */ = {isa = PBXBuildFile; fileRef = 2F3AB8E82D020627005C9DA2 /* HabbitcollectionsDataSource.swift */; };
		2F3AB8EB2D02071F005C9DA2 /* EmojiCollectionViewCell.swift in Sources */ = {isa = PBXBuildFile; fileRef = 2F3AB8EA2D02071F005C9DA2 /* EmojiCollectionViewCell.swift */; };
		2F6416912CFA4E610031333E /* ScheduleViewController.swift in Sources */ = {isa = PBXBuildFile; fileRef = 2F6416902CFA4E610031333E /* ScheduleViewController.swift */; };
		2FA202B72D0355F00056B6ED /* ColorCollectionCell.swift in Sources */ = {isa = PBXBuildFile; fileRef = 2FA202B62D0355F00056B6ED /* ColorCollectionCell.swift */; };
		2FA202BA2D0390780056B6ED /* irregularEventsColectionDataSource.swift in Sources */ = {isa = PBXBuildFile; fileRef = 2FA202B92D0390780056B6ED /* irregularEventsColectionDataSource.swift */; };
		2FAA64B72CCEE5E90074CE47 /* AppDelegate.swift in Sources */ = {isa = PBXBuildFile; fileRef = 2FAA64B62CCEE5E90074CE47 /* AppDelegate.swift */; };
		2FAA64B92CCEE5E90074CE47 /* SceneDelegate.swift in Sources */ = {isa = PBXBuildFile; fileRef = 2FAA64B82CCEE5E90074CE47 /* SceneDelegate.swift */; };
		2FAA64BB2CCEE5E90074CE47 /* TrackersViewController.swift in Sources */ = {isa = PBXBuildFile; fileRef = 2FAA64BA2CCEE5E90074CE47 /* TrackersViewController.swift */; };
		2FAA64C12CCEE5E90074CE47 /* Tracker.xcdatamodeld in Sources */ = {isa = PBXBuildFile; fileRef = 2FAA64BF2CCEE5E90074CE47 /* Tracker.xcdatamodeld */; };
		2FAA64C32CCEE5EC0074CE47 /* Assets.xcassets in Resources */ = {isa = PBXBuildFile; fileRef = 2FAA64C22CCEE5EC0074CE47 /* Assets.xcassets */; };
		2FAA64C62CCEE5EC0074CE47 /* Base in Resources */ = {isa = PBXBuildFile; fileRef = 2FAA64C52CCEE5EC0074CE47 /* Base */; };
		2FAA64D32CD2B8100074CE47 /* UIColor+extantion.swift in Sources */ = {isa = PBXBuildFile; fileRef = 2FAA64D22CD2B8100074CE47 /* UIColor+extantion.swift */; };
		2FAA64D82CDBD6850074CE47 /* StatisticViewController.swift in Sources */ = {isa = PBXBuildFile; fileRef = 2FAA64D72CDBD6850074CE47 /* StatisticViewController.swift */; };
		2FAA64DA2CDBED670074CE47 /* TabBarController.swift in Sources */ = {isa = PBXBuildFile; fileRef = 2FAA64D92CDBED670074CE47 /* TabBarController.swift */; };
		2FAA65972CEF89A40074CE47 /* Tracker.swift in Sources */ = {isa = PBXBuildFile; fileRef = 2FAA65962CEF89A40074CE47 /* Tracker.swift */; };
		2FAA659A2CEF8A300074CE47 /* WeekDay.swift in Sources */ = {isa = PBXBuildFile; fileRef = 2FAA65992CEF8A300074CE47 /* WeekDay.swift */; };
		2FAA659C2CEF8A520074CE47 /* TrackerType.swift in Sources */ = {isa = PBXBuildFile; fileRef = 2FAA659B2CEF8A520074CE47 /* TrackerType.swift */; };
		2FAA659E2CEF8AAB0074CE47 /* TrackerCategory.swift in Sources */ = {isa = PBXBuildFile; fileRef = 2FAA659D2CEF8AAB0074CE47 /* TrackerCategory.swift */; };
		2FAA65A02CEF8AC40074CE47 /* TrackerRecord.swift in Sources */ = {isa = PBXBuildFile; fileRef = 2FAA659F2CEF8AC40074CE47 /* TrackerRecord.swift */; };
		2FE362D62CF4EA4600D83A19 /* CollectionViewCell.swift in Sources */ = {isa = PBXBuildFile; fileRef = 2FE362D52CF4EA4600D83A19 /* CollectionViewCell.swift */; };
		2FE362D82CF5083000D83A19 /* TrackerCollectionViewDataSource.swift in Sources */ = {isa = PBXBuildFile; fileRef = 2FE362D72CF5083000D83A19 /* TrackerCollectionViewDataSource.swift */; };
		2FE362DC2CF7AF3E00D83A19 /* SupplementaryView.swift in Sources */ = {isa = PBXBuildFile; fileRef = 2FE362DB2CF7AF3E00D83A19 /* SupplementaryView.swift */; };
		2FE362DF2CF821AF00D83A19 /* CreationNewTrakersViewController.swift in Sources */ = {isa = PBXBuildFile; fileRef = 2FE362DE2CF821AF00D83A19 /* CreationNewTrakersViewController.swift */; };
		2FE362E22CF823D200D83A19 /* HabitViewController.swift in Sources */ = {isa = PBXBuildFile; fileRef = 2FE362E12CF823D200D83A19 /* HabitViewController.swift */; };
		2FE362E42CF9036600D83A19 /* extation+HabitTableView.swift in Sources */ = {isa = PBXBuildFile; fileRef = 2FE362E32CF9036600D83A19 /* extation+HabitTableView.swift */; };
		2FE362E62CF94ACE00D83A19 /* ChoosingCategoryViewController.swift in Sources */ = {isa = PBXBuildFile; fileRef = 2FE362E52CF94ACE00D83A19 /* ChoosingCategoryViewController.swift */; };
/* End PBXBuildFile section */

/* Begin PBXFileReference section */
		2F3AB8E12CFFF591005C9DA2 /* IrregularEventsViewController.swift */ = {isa = PBXFileReference; lastKnownFileType = sourcecode.swift; path = IrregularEventsViewController.swift; sourceTree = "<group>"; };
		2F3AB8E32CFFF884005C9DA2 /* extation+irregularTableView.swift */ = {isa = PBXFileReference; lastKnownFileType = sourcecode.swift; path = "extation+irregularTableView.swift"; sourceTree = "<group>"; };
		2F3AB8E82D020627005C9DA2 /* HabbitcollectionsDataSource.swift */ = {isa = PBXFileReference; lastKnownFileType = sourcecode.swift; path = HabbitcollectionsDataSource.swift; sourceTree = "<group>"; };
		2F3AB8EA2D02071F005C9DA2 /* EmojiCollectionViewCell.swift */ = {isa = PBXFileReference; lastKnownFileType = sourcecode.swift; path = EmojiCollectionViewCell.swift; sourceTree = "<group>"; };
		2F6416902CFA4E610031333E /* ScheduleViewController.swift */ = {isa = PBXFileReference; lastKnownFileType = sourcecode.swift; path = ScheduleViewController.swift; sourceTree = "<group>"; };
		2FA202B62D0355F00056B6ED /* ColorCollectionCell.swift */ = {isa = PBXFileReference; lastKnownFileType = sourcecode.swift; path = ColorCollectionCell.swift; sourceTree = "<group>"; };
		2FA202B92D0390780056B6ED /* irregularEventsColectionDataSource.swift */ = {isa = PBXFileReference; lastKnownFileType = sourcecode.swift; path = irregularEventsColectionDataSource.swift; sourceTree = "<group>"; };
		2FAA64B32CCEE5E90074CE47 /* Tracker.app */ = {isa = PBXFileReference; explicitFileType = wrapper.application; includeInIndex = 0; path = Tracker.app; sourceTree = BUILT_PRODUCTS_DIR; };
		2FAA64B62CCEE5E90074CE47 /* AppDelegate.swift */ = {isa = PBXFileReference; lastKnownFileType = sourcecode.swift; path = AppDelegate.swift; sourceTree = "<group>"; };
		2FAA64B82CCEE5E90074CE47 /* SceneDelegate.swift */ = {isa = PBXFileReference; lastKnownFileType = sourcecode.swift; path = SceneDelegate.swift; sourceTree = "<group>"; };
		2FAA64BA2CCEE5E90074CE47 /* TrackersViewController.swift */ = {isa = PBXFileReference; lastKnownFileType = sourcecode.swift; path = TrackersViewController.swift; sourceTree = "<group>"; };
		2FAA64C02CCEE5E90074CE47 /* Tracker.xcdatamodel */ = {isa = PBXFileReference; lastKnownFileType = wrapper.xcdatamodel; path = Tracker.xcdatamodel; sourceTree = "<group>"; };
		2FAA64C22CCEE5EC0074CE47 /* Assets.xcassets */ = {isa = PBXFileReference; lastKnownFileType = folder.assetcatalog; path = Assets.xcassets; sourceTree = "<group>"; };
		2FAA64C52CCEE5EC0074CE47 /* Base */ = {isa = PBXFileReference; lastKnownFileType = file.storyboard; name = Base; path = Base.lproj/LaunchScreen.storyboard; sourceTree = "<group>"; };
		2FAA64C72CCEE5EC0074CE47 /* Info.plist */ = {isa = PBXFileReference; lastKnownFileType = text.plist.xml; path = Info.plist; sourceTree = "<group>"; };
		2FAA64D22CD2B8100074CE47 /* UIColor+extantion.swift */ = {isa = PBXFileReference; lastKnownFileType = sourcecode.swift; path = "UIColor+extantion.swift"; sourceTree = "<group>"; };
		2FAA64D72CDBD6850074CE47 /* StatisticViewController.swift */ = {isa = PBXFileReference; lastKnownFileType = sourcecode.swift; path = StatisticViewController.swift; sourceTree = "<group>"; };
		2FAA64D92CDBED670074CE47 /* TabBarController.swift */ = {isa = PBXFileReference; lastKnownFileType = sourcecode.swift; path = TabBarController.swift; sourceTree = "<group>"; };
		2FAA65962CEF89A40074CE47 /* Tracker.swift */ = {isa = PBXFileReference; lastKnownFileType = sourcecode.swift; path = Tracker.swift; sourceTree = "<group>"; };
		2FAA65992CEF8A300074CE47 /* WeekDay.swift */ = {isa = PBXFileReference; lastKnownFileType = sourcecode.swift; path = WeekDay.swift; sourceTree = "<group>"; };
		2FAA659B2CEF8A520074CE47 /* TrackerType.swift */ = {isa = PBXFileReference; lastKnownFileType = sourcecode.swift; path = TrackerType.swift; sourceTree = "<group>"; };
		2FAA659D2CEF8AAB0074CE47 /* TrackerCategory.swift */ = {isa = PBXFileReference; lastKnownFileType = sourcecode.swift; path = TrackerCategory.swift; sourceTree = "<group>"; };
		2FAA659F2CEF8AC40074CE47 /* TrackerRecord.swift */ = {isa = PBXFileReference; lastKnownFileType = sourcecode.swift; path = TrackerRecord.swift; sourceTree = "<group>"; };
		2FE362D52CF4EA4600D83A19 /* CollectionViewCell.swift */ = {isa = PBXFileReference; lastKnownFileType = sourcecode.swift; path = CollectionViewCell.swift; sourceTree = "<group>"; };
		2FE362D72CF5083000D83A19 /* TrackerCollectionViewDataSource.swift */ = {isa = PBXFileReference; lastKnownFileType = sourcecode.swift; path = TrackerCollectionViewDataSource.swift; sourceTree = "<group>"; };
		2FE362DB2CF7AF3E00D83A19 /* SupplementaryView.swift */ = {isa = PBXFileReference; lastKnownFileType = sourcecode.swift; path = SupplementaryView.swift; sourceTree = "<group>"; };
		2FE362DE2CF821AF00D83A19 /* CreationNewTrakersViewController.swift */ = {isa = PBXFileReference; lastKnownFileType = sourcecode.swift; path = CreationNewTrakersViewController.swift; sourceTree = "<group>"; };
		2FE362E12CF823D200D83A19 /* HabitViewController.swift */ = {isa = PBXFileReference; lastKnownFileType = sourcecode.swift; path = HabitViewController.swift; sourceTree = "<group>"; };
		2FE362E32CF9036600D83A19 /* extation+HabitTableView.swift */ = {isa = PBXFileReference; lastKnownFileType = sourcecode.swift; path = "extation+HabitTableView.swift"; sourceTree = "<group>"; };
		2FE362E52CF94ACE00D83A19 /* ChoosingCategoryViewController.swift */ = {isa = PBXFileReference; lastKnownFileType = sourcecode.swift; path = ChoosingCategoryViewController.swift; sourceTree = "<group>"; };
/* End PBXFileReference section */

/* Begin PBXFrameworksBuildPhase section */
		2FAA64B02CCEE5E90074CE47 /* Frameworks */ = {
			isa = PBXFrameworksBuildPhase;
			buildActionMask = 2147483647;
			files = (
			);
			runOnlyForDeploymentPostprocessing = 0;
		};
/* End PBXFrameworksBuildPhase section */

/* Begin PBXGroup section */
		2F3AB8E02CFFF528005C9DA2 /* IrregularEvents */ = {
			isa = PBXGroup;
			children = (
				2F3AB8E12CFFF591005C9DA2 /* IrregularEventsViewController.swift */,
			);
			path = IrregularEvents;
			sourceTree = "<group>";
		};
		2F3AB8E52D020494005C9DA2 /* extension+Datasource */ = {
			isa = PBXGroup;
			children = (
				2F3AB8E72D0204D7005C9DA2 /* ColletionView */,
				2F3AB8E62D0204C1005C9DA2 /* TableView */,
			);
			path = "extension+Datasource";
			sourceTree = "<group>";
		};
		2F3AB8E62D0204C1005C9DA2 /* TableView */ = {
			isa = PBXGroup;
			children = (
				2FE362E32CF9036600D83A19 /* extation+HabitTableView.swift */,
				2F3AB8E32CFFF884005C9DA2 /* extation+irregularTableView.swift */,
			);
			path = TableView;
			sourceTree = "<group>";
		};
		2F3AB8E72D0204D7005C9DA2 /* ColletionView */ = {
			isa = PBXGroup;
			children = (
				2FE362D72CF5083000D83A19 /* TrackerCollectionViewDataSource.swift */,
				2F3AB8E82D020627005C9DA2 /* HabbitcollectionsDataSource.swift */,
				2FA202B92D0390780056B6ED /* irregularEventsColectionDataSource.swift */,
			);
			path = ColletionView;
			sourceTree = "<group>";
		};
		2F6416922CFA51320031333E /* Category */ = {
			isa = PBXGroup;
			children = (
				2FE362E52CF94ACE00D83A19 /* ChoosingCategoryViewController.swift */,
			);
			path = Category;
			sourceTree = "<group>";
		};
		2F6416932CFA51420031333E /* Schedule */ = {
			isa = PBXGroup;
			children = (
				2F6416902CFA4E610031333E /* ScheduleViewController.swift */,
			);
			path = Schedule;
			sourceTree = "<group>";
		};
		2FA202B82D038E6F0056B6ED /* HabbitCollectionsCells */ = {
			isa = PBXGroup;
			children = (
				2F3AB8EA2D02071F005C9DA2 /* EmojiCollectionViewCell.swift */,
				2FA202B62D0355F00056B6ED /* ColorCollectionCell.swift */,
			);
			path = HabbitCollectionsCells;
			sourceTree = "<group>";
		};
		2FAA64AA2CCEE5E90074CE47 = {
			isa = PBXGroup;
			children = (
				2FAA64B52CCEE5E90074CE47 /* Tracker */,
				2FAA64B42CCEE5E90074CE47 /* Products */,
			);
			sourceTree = "<group>";
		};
		2FAA64B42CCEE5E90074CE47 /* Products */ = {
			isa = PBXGroup;
			children = (
				2FAA64B32CCEE5E90074CE47 /* Tracker.app */,
			);
			name = Products;
			sourceTree = "<group>";
		};
		2FAA64B52CCEE5E90074CE47 /* Tracker */ = {
			isa = PBXGroup;
			children = (
				2FAA64CD2CCFF8280074CE47 /* Helper */,
				2FAA64B62CCEE5E90074CE47 /* AppDelegate.swift */,
				2FAA64B82CCEE5E90074CE47 /* SceneDelegate.swift */,
				2FAA64D42CDBD4230074CE47 /* Presenters */,
				2FAA64C22CCEE5EC0074CE47 /* Assets.xcassets */,
				2FAA64C42CCEE5EC0074CE47 /* LaunchScreen.storyboard */,
				2FAA64C72CCEE5EC0074CE47 /* Info.plist */,
				2FAA64BF2CCEE5E90074CE47 /* Tracker.xcdatamodeld */,
			);
			path = Tracker;
			sourceTree = "<group>";
		};
		2FAA64CD2CCFF8280074CE47 /* Helper */ = {
			isa = PBXGroup;
			children = (
				2FAA64D22CD2B8100074CE47 /* UIColor+extantion.swift */,
			);
			path = Helper;
			sourceTree = "<group>";
		};
		2FAA64D42CDBD4230074CE47 /* Presenters */ = {
			isa = PBXGroup;
			children = (
				2F3AB8E52D020494005C9DA2 /* extension+Datasource */,
				2FE362DD2CF8217700D83A19 /* CreationNewTrakers */,
				2FE362D42CF4EA1D00D83A19 /* TrackerCollectionView */,
				2FAA65982CEF8A0D0074CE47 /* TrackerBody */,
				2FAA64BA2CCEE5E90074CE47 /* TrackersViewController.swift */,
				2FAA64D72CDBD6850074CE47 /* StatisticViewController.swift */,
				2FAA64D92CDBED670074CE47 /* TabBarController.swift */,
			);
			path = Presenters;
			sourceTree = "<group>";
		};
		2FAA65982CEF8A0D0074CE47 /* TrackerBody */ = {
			isa = PBXGroup;
			children = (
				2FAA65962CEF89A40074CE47 /* Tracker.swift */,
				2FAA65992CEF8A300074CE47 /* WeekDay.swift */,
				2FAA659B2CEF8A520074CE47 /* TrackerType.swift */,
				2FAA659D2CEF8AAB0074CE47 /* TrackerCategory.swift */,
				2FAA659F2CEF8AC40074CE47 /* TrackerRecord.swift */,
			);
			path = TrackerBody;
			sourceTree = "<group>";
		};
		2FE362D42CF4EA1D00D83A19 /* TrackerCollectionView */ = {
			isa = PBXGroup;
			children = (
				2FE362D52CF4EA4600D83A19 /* CollectionViewCell.swift */,
				2FE362DB2CF7AF3E00D83A19 /* SupplementaryView.swift */,
			);
			path = TrackerCollectionView;
			sourceTree = "<group>";
		};
		2FE362DD2CF8217700D83A19 /* CreationNewTrakers */ = {
			isa = PBXGroup;
			children = (
				2FA202B82D038E6F0056B6ED /* HabbitCollectionsCells */,
				2FE362DE2CF821AF00D83A19 /* CreationNewTrakersViewController.swift */,
				2F3AB8E02CFFF528005C9DA2 /* IrregularEvents */,
				2FE362E02CF823A600D83A19 /* HabitTraker */,
			);
			path = CreationNewTrakers;
			sourceTree = "<group>";
		};
		2FE362E02CF823A600D83A19 /* HabitTraker */ = {
			isa = PBXGroup;
			children = (
				2F6416932CFA51420031333E /* Schedule */,
				2F6416922CFA51320031333E /* Category */,
				2FE362E12CF823D200D83A19 /* HabitViewController.swift */,
			);
			path = HabitTraker;
			sourceTree = "<group>";
		};
/* End PBXGroup section */

/* Begin PBXNativeTarget section */
		2FAA64B22CCEE5E90074CE47 /* Tracker */ = {
			isa = PBXNativeTarget;
			buildConfigurationList = 2FAA64CA2CCEE5EC0074CE47 /* Build configuration list for PBXNativeTarget "Tracker" */;
			buildPhases = (
				2FAA64AF2CCEE5E90074CE47 /* Sources */,
				2FAA64B02CCEE5E90074CE47 /* Frameworks */,
				2FAA64B12CCEE5E90074CE47 /* Resources */,
			);
			buildRules = (
			);
			dependencies = (
			);
			name = Tracker;
			productName = Tracker;
			productReference = 2FAA64B32CCEE5E90074CE47 /* Tracker.app */;
			productType = "com.apple.product-type.application";
		};
/* End PBXNativeTarget section */

/* Begin PBXProject section */
		2FAA64AB2CCEE5E90074CE47 /* Project object */ = {
			isa = PBXProject;
			attributes = {
				BuildIndependentTargetsInParallel = 1;
				LastSwiftUpdateCheck = 1540;
				LastUpgradeCheck = 1540;
				TargetAttributes = {
					2FAA64B22CCEE5E90074CE47 = {
						CreatedOnToolsVersion = 15.4;
					};
				};
			};
			buildConfigurationList = 2FAA64AE2CCEE5E90074CE47 /* Build configuration list for PBXProject "Tracker" */;
			compatibilityVersion = "Xcode 14.0";
			developmentRegion = en;
			hasScannedForEncodings = 0;
			knownRegions = (
				en,
				Base,
			);
			mainGroup = 2FAA64AA2CCEE5E90074CE47;
			productRefGroup = 2FAA64B42CCEE5E90074CE47 /* Products */;
			projectDirPath = "";
			projectRoot = "";
			targets = (
				2FAA64B22CCEE5E90074CE47 /* Tracker */,
			);
		};
/* End PBXProject section */

/* Begin PBXResourcesBuildPhase section */
		2FAA64B12CCEE5E90074CE47 /* Resources */ = {
			isa = PBXResourcesBuildPhase;
			buildActionMask = 2147483647;
			files = (
				2FAA64C32CCEE5EC0074CE47 /* Assets.xcassets in Resources */,
				2FAA64C62CCEE5EC0074CE47 /* Base in Resources */,
			);
			runOnlyForDeploymentPostprocessing = 0;
		};
/* End PBXResourcesBuildPhase section */

/* Begin PBXSourcesBuildPhase section */
		2FAA64AF2CCEE5E90074CE47 /* Sources */ = {
			isa = PBXSourcesBuildPhase;
			buildActionMask = 2147483647;
			files = (
				2FAA659A2CEF8A300074CE47 /* WeekDay.swift in Sources */,
				2F3AB8E42CFFF884005C9DA2 /* extation+irregularTableView.swift in Sources */,
				2F3AB8E22CFFF591005C9DA2 /* IrregularEventsViewController.swift in Sources */,
				2FAA64D32CD2B8100074CE47 /* UIColor+extantion.swift in Sources */,
				2FAA659C2CEF8A520074CE47 /* TrackerType.swift in Sources */,
				2F3AB8E92D020627005C9DA2 /* HabbitcollectionsDataSource.swift in Sources */,
				2FE362E62CF94ACE00D83A19 /* ChoosingCategoryViewController.swift in Sources */,
				2FAA64C12CCEE5E90074CE47 /* Tracker.xcdatamodeld in Sources */,
				2FA202B72D0355F00056B6ED /* ColorCollectionCell.swift in Sources */,
				2FAA64BB2CCEE5E90074CE47 /* TrackersViewController.swift in Sources */,
				2FE362DC2CF7AF3E00D83A19 /* SupplementaryView.swift in Sources */,
				2FE362E22CF823D200D83A19 /* HabitViewController.swift in Sources */,
				2FAA65A02CEF8AC40074CE47 /* TrackerRecord.swift in Sources */,
				2FAA64D82CDBD6850074CE47 /* StatisticViewController.swift in Sources */,
				2FAA64DA2CDBED670074CE47 /* TabBarController.swift in Sources */,
				2F6416912CFA4E610031333E /* ScheduleViewController.swift in Sources */,
				2FE362D62CF4EA4600D83A19 /* CollectionViewCell.swift in Sources */,
				2FAA65972CEF89A40074CE47 /* Tracker.swift in Sources */,
				2FAA64B72CCEE5E90074CE47 /* AppDelegate.swift in Sources */,
				2FAA64B92CCEE5E90074CE47 /* SceneDelegate.swift in Sources */,
				2FA202BA2D0390780056B6ED /* irregularEventsColectionDataSource.swift in Sources */,
				2FAA659E2CEF8AAB0074CE47 /* TrackerCategory.swift in Sources */,
				2FE362D82CF5083000D83A19 /* TrackerCollectionViewDataSource.swift in Sources */,
				2FE362E42CF9036600D83A19 /* extation+HabitTableView.swift in Sources */,
				2FE362DF2CF821AF00D83A19 /* CreationNewTrakersViewController.swift in Sources */,
				2F3AB8EB2D02071F005C9DA2 /* EmojiCollectionViewCell.swift in Sources */,
			);
			runOnlyForDeploymentPostprocessing = 0;
		};
/* End PBXSourcesBuildPhase section */

/* Begin PBXVariantGroup section */
		2FAA64C42CCEE5EC0074CE47 /* LaunchScreen.storyboard */ = {
			isa = PBXVariantGroup;
			children = (
				2FAA64C52CCEE5EC0074CE47 /* Base */,
			);
			name = LaunchScreen.storyboard;
			sourceTree = "<group>";
		};
/* End PBXVariantGroup section */

/* Begin XCBuildConfiguration section */
		2FAA64C82CCEE5EC0074CE47 /* Debug */ = {
			isa = XCBuildConfiguration;
			buildSettings = {
				ALWAYS_SEARCH_USER_PATHS = NO;
				ASSETCATALOG_COMPILER_GENERATE_SWIFT_ASSET_SYMBOL_EXTENSIONS = YES;
				CLANG_ANALYZER_NONNULL = YES;
				CLANG_ANALYZER_NUMBER_OBJECT_CONVERSION = YES_AGGRESSIVE;
				CLANG_CXX_LANGUAGE_STANDARD = "gnu++20";
				CLANG_ENABLE_MODULES = YES;
				CLANG_ENABLE_OBJC_ARC = YES;
				CLANG_ENABLE_OBJC_WEAK = YES;
				CLANG_WARN_BLOCK_CAPTURE_AUTORELEASING = YES;
				CLANG_WARN_BOOL_CONVERSION = YES;
				CLANG_WARN_COMMA = YES;
				CLANG_WARN_CONSTANT_CONVERSION = YES;
				CLANG_WARN_DEPRECATED_OBJC_IMPLEMENTATIONS = YES;
				CLANG_WARN_DIRECT_OBJC_ISA_USAGE = YES_ERROR;
				CLANG_WARN_DOCUMENTATION_COMMENTS = YES;
				CLANG_WARN_EMPTY_BODY = YES;
				CLANG_WARN_ENUM_CONVERSION = YES;
				CLANG_WARN_INFINITE_RECURSION = YES;
				CLANG_WARN_INT_CONVERSION = YES;
				CLANG_WARN_NON_LITERAL_NULL_CONVERSION = YES;
				CLANG_WARN_OBJC_IMPLICIT_RETAIN_SELF = YES;
				CLANG_WARN_OBJC_LITERAL_CONVERSION = YES;
				CLANG_WARN_OBJC_ROOT_CLASS = YES_ERROR;
				CLANG_WARN_QUOTED_INCLUDE_IN_FRAMEWORK_HEADER = YES;
				CLANG_WARN_RANGE_LOOP_ANALYSIS = YES;
				CLANG_WARN_STRICT_PROTOTYPES = YES;
				CLANG_WARN_SUSPICIOUS_MOVE = YES;
				CLANG_WARN_UNGUARDED_AVAILABILITY = YES_AGGRESSIVE;
				CLANG_WARN_UNREACHABLE_CODE = YES;
				CLANG_WARN__DUPLICATE_METHOD_MATCH = YES;
				COPY_PHASE_STRIP = NO;
				DEBUG_INFORMATION_FORMAT = dwarf;
				ENABLE_STRICT_OBJC_MSGSEND = YES;
				ENABLE_TESTABILITY = YES;
				ENABLE_USER_SCRIPT_SANDBOXING = YES;
				GCC_C_LANGUAGE_STANDARD = gnu17;
				GCC_DYNAMIC_NO_PIC = NO;
				GCC_NO_COMMON_BLOCKS = YES;
				GCC_OPTIMIZATION_LEVEL = 0;
				GCC_PREPROCESSOR_DEFINITIONS = (
					"DEBUG=1",
					"$(inherited)",
				);
				GCC_WARN_64_TO_32_BIT_CONVERSION = YES;
				GCC_WARN_ABOUT_RETURN_TYPE = YES_ERROR;
				GCC_WARN_UNDECLARED_SELECTOR = YES;
				GCC_WARN_UNINITIALIZED_AUTOS = YES_AGGRESSIVE;
				GCC_WARN_UNUSED_FUNCTION = YES;
				GCC_WARN_UNUSED_VARIABLE = YES;
				IPHONEOS_DEPLOYMENT_TARGET = 17.5;
				LOCALIZATION_PREFERS_STRING_CATALOGS = YES;
				MTL_ENABLE_DEBUG_INFO = INCLUDE_SOURCE;
				MTL_FAST_MATH = YES;
				ONLY_ACTIVE_ARCH = YES;
				SDKROOT = iphoneos;
				SWIFT_ACTIVE_COMPILATION_CONDITIONS = "DEBUG $(inherited)";
				SWIFT_OPTIMIZATION_LEVEL = "-Onone";
			};
			name = Debug;
		};
		2FAA64C92CCEE5EC0074CE47 /* Release */ = {
			isa = XCBuildConfiguration;
			buildSettings = {
				ALWAYS_SEARCH_USER_PATHS = NO;
				ASSETCATALOG_COMPILER_GENERATE_SWIFT_ASSET_SYMBOL_EXTENSIONS = YES;
				CLANG_ANALYZER_NONNULL = YES;
				CLANG_ANALYZER_NUMBER_OBJECT_CONVERSION = YES_AGGRESSIVE;
				CLANG_CXX_LANGUAGE_STANDARD = "gnu++20";
				CLANG_ENABLE_MODULES = YES;
				CLANG_ENABLE_OBJC_ARC = YES;
				CLANG_ENABLE_OBJC_WEAK = YES;
				CLANG_WARN_BLOCK_CAPTURE_AUTORELEASING = YES;
				CLANG_WARN_BOOL_CONVERSION = YES;
				CLANG_WARN_COMMA = YES;
				CLANG_WARN_CONSTANT_CONVERSION = YES;
				CLANG_WARN_DEPRECATED_OBJC_IMPLEMENTATIONS = YES;
				CLANG_WARN_DIRECT_OBJC_ISA_USAGE = YES_ERROR;
				CLANG_WARN_DOCUMENTATION_COMMENTS = YES;
				CLANG_WARN_EMPTY_BODY = YES;
				CLANG_WARN_ENUM_CONVERSION = YES;
				CLANG_WARN_INFINITE_RECURSION = YES;
				CLANG_WARN_INT_CONVERSION = YES;
				CLANG_WARN_NON_LITERAL_NULL_CONVERSION = YES;
				CLANG_WARN_OBJC_IMPLICIT_RETAIN_SELF = YES;
				CLANG_WARN_OBJC_LITERAL_CONVERSION = YES;
				CLANG_WARN_OBJC_ROOT_CLASS = YES_ERROR;
				CLANG_WARN_QUOTED_INCLUDE_IN_FRAMEWORK_HEADER = YES;
				CLANG_WARN_RANGE_LOOP_ANALYSIS = YES;
				CLANG_WARN_STRICT_PROTOTYPES = YES;
				CLANG_WARN_SUSPICIOUS_MOVE = YES;
				CLANG_WARN_UNGUARDED_AVAILABILITY = YES_AGGRESSIVE;
				CLANG_WARN_UNREACHABLE_CODE = YES;
				CLANG_WARN__DUPLICATE_METHOD_MATCH = YES;
				COPY_PHASE_STRIP = NO;
				DEBUG_INFORMATION_FORMAT = "dwarf-with-dsym";
				ENABLE_NS_ASSERTIONS = NO;
				ENABLE_STRICT_OBJC_MSGSEND = YES;
				ENABLE_USER_SCRIPT_SANDBOXING = YES;
				GCC_C_LANGUAGE_STANDARD = gnu17;
				GCC_NO_COMMON_BLOCKS = YES;
				GCC_WARN_64_TO_32_BIT_CONVERSION = YES;
				GCC_WARN_ABOUT_RETURN_TYPE = YES_ERROR;
				GCC_WARN_UNDECLARED_SELECTOR = YES;
				GCC_WARN_UNINITIALIZED_AUTOS = YES_AGGRESSIVE;
				GCC_WARN_UNUSED_FUNCTION = YES;
				GCC_WARN_UNUSED_VARIABLE = YES;
				IPHONEOS_DEPLOYMENT_TARGET = 17.5;
				LOCALIZATION_PREFERS_STRING_CATALOGS = YES;
				MTL_ENABLE_DEBUG_INFO = NO;
				MTL_FAST_MATH = YES;
				SDKROOT = iphoneos;
				SWIFT_COMPILATION_MODE = wholemodule;
				VALIDATE_PRODUCT = YES;
			};
			name = Release;
		};
		2FAA64CB2CCEE5EC0074CE47 /* Debug */ = {
			isa = XCBuildConfiguration;
			buildSettings = {
				ASSETCATALOG_COMPILER_APPICON_NAME = AppIcon;
				ASSETCATALOG_COMPILER_GLOBAL_ACCENT_COLOR_NAME = AccentColor;
				CODE_SIGN_STYLE = Automatic;
				CURRENT_PROJECT_VERSION = 1;
				DEVELOPMENT_TEAM = ZRDP3KUYDD;
				GENERATE_INFOPLIST_FILE = YES;
				INFOPLIST_FILE = Tracker/Info.plist;
				INFOPLIST_KEY_UIApplicationSupportsIndirectInputEvents = YES;
				INFOPLIST_KEY_UILaunchStoryboardName = LaunchScreen;
				INFOPLIST_KEY_UISupportedInterfaceOrientations = UIInterfaceOrientationPortrait;
				INFOPLIST_KEY_UISupportedInterfaceOrientations_iPad = "UIInterfaceOrientationLandscapeLeft UIInterfaceOrientationLandscapeRight";
				IPHONEOS_DEPLOYMENT_TARGET = 13.4;
				LD_RUNPATH_SEARCH_PATHS = (
					"$(inherited)",
					"@executable_path/Frameworks",
				);
				MARKETING_VERSION = 1.0;
				PRODUCT_BUNDLE_IDENTIFIER = "com.CPT.egor-galkin29.Tracker";
				PRODUCT_NAME = "$(TARGET_NAME)";
				SWIFT_EMIT_LOC_STRINGS = YES;
				SWIFT_VERSION = 5.0;
				TARGETED_DEVICE_FAMILY = "1,2";
			};
			name = Debug;
		};
		2FAA64CC2CCEE5EC0074CE47 /* Release */ = {
			isa = XCBuildConfiguration;
			buildSettings = {
				ASSETCATALOG_COMPILER_APPICON_NAME = AppIcon;
				ASSETCATALOG_COMPILER_GLOBAL_ACCENT_COLOR_NAME = AccentColor;
				CODE_SIGN_STYLE = Automatic;
				CURRENT_PROJECT_VERSION = 1;
				DEVELOPMENT_TEAM = ZRDP3KUYDD;
				GENERATE_INFOPLIST_FILE = YES;
				INFOPLIST_FILE = Tracker/Info.plist;
				INFOPLIST_KEY_UIApplicationSupportsIndirectInputEvents = YES;
				INFOPLIST_KEY_UILaunchStoryboardName = LaunchScreen;
				INFOPLIST_KEY_UISupportedInterfaceOrientations = UIInterfaceOrientationPortrait;
				INFOPLIST_KEY_UISupportedInterfaceOrientations_iPad = "UIInterfaceOrientationLandscapeLeft UIInterfaceOrientationLandscapeRight";
				IPHONEOS_DEPLOYMENT_TARGET = 13.4;
				LD_RUNPATH_SEARCH_PATHS = (
					"$(inherited)",
					"@executable_path/Frameworks",
				);
				MARKETING_VERSION = 1.0;
				PRODUCT_BUNDLE_IDENTIFIER = "com.CPT.egor-galkin29.Tracker";
				PRODUCT_NAME = "$(TARGET_NAME)";
				SWIFT_EMIT_LOC_STRINGS = YES;
				SWIFT_VERSION = 5.0;
				TARGETED_DEVICE_FAMILY = "1,2";
			};
			name = Release;
		};
/* End XCBuildConfiguration section */

/* Begin XCConfigurationList section */
		2FAA64AE2CCEE5E90074CE47 /* Build configuration list for PBXProject "Tracker" */ = {
			isa = XCConfigurationList;
			buildConfigurations = (
				2FAA64C82CCEE5EC0074CE47 /* Debug */,
				2FAA64C92CCEE5EC0074CE47 /* Release */,
			);
			defaultConfigurationIsVisible = 0;
			defaultConfigurationName = Release;
		};
		2FAA64CA2CCEE5EC0074CE47 /* Build configuration list for PBXNativeTarget "Tracker" */ = {
			isa = XCConfigurationList;
			buildConfigurations = (
				2FAA64CB2CCEE5EC0074CE47 /* Debug */,
				2FAA64CC2CCEE5EC0074CE47 /* Release */,
			);
			defaultConfigurationIsVisible = 0;
			defaultConfigurationName = Release;
		};
/* End XCConfigurationList section */

/* Begin XCVersionGroup section */
		2FAA64BF2CCEE5E90074CE47 /* Tracker.xcdatamodeld */ = {
			isa = XCVersionGroup;
			children = (
				2FAA64C02CCEE5E90074CE47 /* Tracker.xcdatamodel */,
			);
			currentVersion = 2FAA64C02CCEE5E90074CE47 /* Tracker.xcdatamodel */;
			path = Tracker.xcdatamodeld;
			sourceTree = "<group>";
			versionGroupType = wrapper.xcdatamodel;
		};
/* End XCVersionGroup section */
	};
	rootObject = 2FAA64AB2CCEE5E90074CE47 /* Project object */;
}
